// !$*UTF8*$!
{
	archiveVersion = 1;
	classes = {
	};
	objectVersion = 56;
	objects = {

/* Begin PBXBuildFile section */
		4E255C7C2AB0F08A00D55D5E /* AppDelegate.swift in Sources */ = {isa = PBXBuildFile; fileRef = 4E255C7B2AB0F08A00D55D5E /* AppDelegate.swift */; };
		4E255C7E2AB0F08A00D55D5E /* SceneDelegate.swift in Sources */ = {isa = PBXBuildFile; fileRef = 4E255C7D2AB0F08A00D55D5E /* SceneDelegate.swift */; };
		4E255C852AB0F08B00D55D5E /* Assets.xcassets in Resources */ = {isa = PBXBuildFile; fileRef = 4E255C842AB0F08B00D55D5E /* Assets.xcassets */; };
		4E255C882AB0F08B00D55D5E /* LaunchScreen.storyboard in Resources */ = {isa = PBXBuildFile; fileRef = 4E255C862AB0F08B00D55D5E /* LaunchScreen.storyboard */; };
		4E255C942AB7640900D55D5E /* FeedViewController.swift in Sources */ = {isa = PBXBuildFile; fileRef = 4E255C932AB7640900D55D5E /* FeedViewController.swift */; };
		4E255C962AB764D100D55D5E /* ProfileViewController.swift in Sources */ = {isa = PBXBuildFile; fileRef = 4E255C952AB764D100D55D5E /* ProfileViewController.swift */; };
		4E255C982AB7730100D55D5E /* PostViewController.swift in Sources */ = {isa = PBXBuildFile; fileRef = 4E255C972AB7730100D55D5E /* PostViewController.swift */; };
		4E255C9B2AB7997800D55D5E /* InfoViewController.swift in Sources */ = {isa = PBXBuildFile; fileRef = 4E255C9A2AB7997800D55D5E /* InfoViewController.swift */; };
		4ECA152D2AC4B65A00204F3A /* ProfileHeaderView.swift in Sources */ = {isa = PBXBuildFile; fileRef = 4ECA152C2AC4B65A00204F3A /* ProfileHeaderView.swift */; };
		996D87412B795A600056A5B3 /* PhotosTableViewCell.swift in Sources */ = {isa = PBXBuildFile; fileRef = 996D87402B795A600056A5B3 /* PhotosTableViewCell.swift */; };
		996D87462B840E150056A5B3 /* PhotosViewController.swift in Sources */ = {isa = PBXBuildFile; fileRef = 996D87452B840E150056A5B3 /* PhotosViewController.swift */; };
		996D87482B8D3AA50056A5B3 /* Photos.swift in Sources */ = {isa = PBXBuildFile; fileRef = 996D87472B8D3AA50056A5B3 /* Photos.swift */; };
		996D874C2B8D59A60056A5B3 /* PhotosCollectionViewCell.swift in Sources */ = {isa = PBXBuildFile; fileRef = 996D874B2B8D59A60056A5B3 /* PhotosCollectionViewCell.swift */; };
		996D87A32BA8CD150056A5B3 /* StorageService.docc in Sources */ = {isa = PBXBuildFile; fileRef = 996D87A22BA8CD150056A5B3 /* StorageService.docc */; };
		996D87A92BA8CD150056A5B3 /* StorageService.framework in Frameworks */ = {isa = PBXBuildFile; fileRef = 996D879F2BA8CD150056A5B3 /* StorageService.framework */; };
		996D87B02BA8CD150056A5B3 /* StorageServiceTests.swift in Sources */ = {isa = PBXBuildFile; fileRef = 996D87AF2BA8CD150056A5B3 /* StorageServiceTests.swift */; };
		996D87B12BA8CD150056A5B3 /* StorageService.h in Headers */ = {isa = PBXBuildFile; fileRef = 996D87A12BA8CD150056A5B3 /* StorageService.h */; settings = {ATTRIBUTES = (Public, ); }; };
		996D87B42BA8CD150056A5B3 /* StorageService.framework in Frameworks */ = {isa = PBXBuildFile; fileRef = 996D879F2BA8CD150056A5B3 /* StorageService.framework */; };
		996D87B52BA8CD150056A5B3 /* StorageService.framework in Embed Frameworks */ = {isa = PBXBuildFile; fileRef = 996D879F2BA8CD150056A5B3 /* StorageService.framework */; settings = {ATTRIBUTES = (CodeSignOnCopy, RemoveHeadersOnCopy, ); }; };
		996D87BD2BA8CD6F0056A5B3 /* Post.swift in Sources */ = {isa = PBXBuildFile; fileRef = 9932215A2B3A173300172C81 /* Post.swift */; };
		996DEA8F2AF2F4D70084EBB4 /* LogInViewController.swift in Sources */ = {isa = PBXBuildFile; fileRef = 996DEA8E2AF2F4D70084EBB4 /* LogInViewController.swift */; };
		9998F1192B66FEA000505BAE /* PostTableViewCell.swift in Sources */ = {isa = PBXBuildFile; fileRef = 9998F1182B66FEA000505BAE /* PostTableViewCell.swift */; };
/* End PBXBuildFile section */

/* Begin PBXContainerItemProxy section */
		996D87AA2BA8CD150056A5B3 /* PBXContainerItemProxy */ = {
			isa = PBXContainerItemProxy;
			containerPortal = 4E255C702AB0F08A00D55D5E /* Project object */;
			proxyType = 1;
			remoteGlobalIDString = 996D879E2BA8CD150056A5B3;
			remoteInfo = StorageService;
		};
		996D87AC2BA8CD150056A5B3 /* PBXContainerItemProxy */ = {
			isa = PBXContainerItemProxy;
			containerPortal = 4E255C702AB0F08A00D55D5E /* Project object */;
			proxyType = 1;
			remoteGlobalIDString = 4E255C772AB0F08A00D55D5E;
			remoteInfo = Navigation;
		};
		996D87B22BA8CD150056A5B3 /* PBXContainerItemProxy */ = {
			isa = PBXContainerItemProxy;
			containerPortal = 4E255C702AB0F08A00D55D5E /* Project object */;
			proxyType = 1;
			remoteGlobalIDString = 996D879E2BA8CD150056A5B3;
			remoteInfo = StorageService;
		};
/* End PBXContainerItemProxy section */

/* Begin PBXCopyFilesBuildPhase section */
		996D87B92BA8CD150056A5B3 /* Embed Frameworks */ = {
			isa = PBXCopyFilesBuildPhase;
			buildActionMask = 2147483647;
			dstPath = "";
			dstSubfolderSpec = 10;
			files = (
				996D87B52BA8CD150056A5B3 /* StorageService.framework in Embed Frameworks */,
			);
			name = "Embed Frameworks";
			runOnlyForDeploymentPostprocessing = 0;
		};
/* End PBXCopyFilesBuildPhase section */

/* Begin PBXFileReference section */
		4E255C782AB0F08A00D55D5E /* Navigation.app */ = {isa = PBXFileReference; explicitFileType = wrapper.application; includeInIndex = 0; path = Navigation.app; sourceTree = BUILT_PRODUCTS_DIR; };
		4E255C7B2AB0F08A00D55D5E /* AppDelegate.swift */ = {isa = PBXFileReference; lastKnownFileType = sourcecode.swift; path = AppDelegate.swift; sourceTree = "<group>"; };
		4E255C7D2AB0F08A00D55D5E /* SceneDelegate.swift */ = {isa = PBXFileReference; lastKnownFileType = sourcecode.swift; path = SceneDelegate.swift; sourceTree = "<group>"; };
		4E255C842AB0F08B00D55D5E /* Assets.xcassets */ = {isa = PBXFileReference; lastKnownFileType = folder.assetcatalog; path = Assets.xcassets; sourceTree = "<group>"; };
		4E255C872AB0F08B00D55D5E /* Base */ = {isa = PBXFileReference; lastKnownFileType = file.storyboard; name = Base; path = Base.lproj/LaunchScreen.storyboard; sourceTree = "<group>"; };
		4E255C892AB0F08B00D55D5E /* Info.plist */ = {isa = PBXFileReference; lastKnownFileType = text.plist.xml; path = Info.plist; sourceTree = "<group>"; };
		4E255C932AB7640900D55D5E /* FeedViewController.swift */ = {isa = PBXFileReference; lastKnownFileType = sourcecode.swift; path = FeedViewController.swift; sourceTree = "<group>"; };
		4E255C952AB764D100D55D5E /* ProfileViewController.swift */ = {isa = PBXFileReference; lastKnownFileType = sourcecode.swift; path = ProfileViewController.swift; sourceTree = "<group>"; };
		4E255C972AB7730100D55D5E /* PostViewController.swift */ = {isa = PBXFileReference; lastKnownFileType = sourcecode.swift; path = PostViewController.swift; sourceTree = "<group>"; };
		4E255C9A2AB7997800D55D5E /* InfoViewController.swift */ = {isa = PBXFileReference; lastKnownFileType = sourcecode.swift; path = InfoViewController.swift; sourceTree = "<group>"; };
		4ECA152C2AC4B65A00204F3A /* ProfileHeaderView.swift */ = {isa = PBXFileReference; lastKnownFileType = sourcecode.swift; path = ProfileHeaderView.swift; sourceTree = "<group>"; };
		9932215A2B3A173300172C81 /* Post.swift */ = {isa = PBXFileReference; lastKnownFileType = sourcecode.swift; path = Post.swift; sourceTree = "<group>"; };
		996D87402B795A600056A5B3 /* PhotosTableViewCell.swift */ = {isa = PBXFileReference; lastKnownFileType = sourcecode.swift; path = PhotosTableViewCell.swift; sourceTree = "<group>"; };
		996D87452B840E150056A5B3 /* PhotosViewController.swift */ = {isa = PBXFileReference; lastKnownFileType = sourcecode.swift; path = PhotosViewController.swift; sourceTree = "<group>"; };
		996D87472B8D3AA50056A5B3 /* Photos.swift */ = {isa = PBXFileReference; lastKnownFileType = sourcecode.swift; path = Photos.swift; sourceTree = "<group>"; };
		996D874B2B8D59A60056A5B3 /* PhotosCollectionViewCell.swift */ = {isa = PBXFileReference; lastKnownFileType = sourcecode.swift; path = PhotosCollectionViewCell.swift; sourceTree = "<group>"; };
		996D879F2BA8CD150056A5B3 /* StorageService.framework */ = {isa = PBXFileReference; explicitFileType = wrapper.framework; includeInIndex = 0; path = StorageService.framework; sourceTree = BUILT_PRODUCTS_DIR; };
		996D87A12BA8CD150056A5B3 /* StorageService.h */ = {isa = PBXFileReference; lastKnownFileType = sourcecode.c.h; path = StorageService.h; sourceTree = "<group>"; };
		996D87A22BA8CD150056A5B3 /* StorageService.docc */ = {isa = PBXFileReference; lastKnownFileType = folder.documentationcatalog; path = StorageService.docc; sourceTree = "<group>"; };
		996D87A82BA8CD150056A5B3 /* StorageServiceTests.xctest */ = {isa = PBXFileReference; explicitFileType = wrapper.cfbundle; includeInIndex = 0; path = StorageServiceTests.xctest; sourceTree = BUILT_PRODUCTS_DIR; };
		996D87AF2BA8CD150056A5B3 /* StorageServiceTests.swift */ = {isa = PBXFileReference; lastKnownFileType = sourcecode.swift; path = StorageServiceTests.swift; sourceTree = "<group>"; };
		996DEA8E2AF2F4D70084EBB4 /* LogInViewController.swift */ = {isa = PBXFileReference; lastKnownFileType = sourcecode.swift; path = LogInViewController.swift; sourceTree = "<group>"; };
		9998F1182B66FEA000505BAE /* PostTableViewCell.swift */ = {isa = PBXFileReference; lastKnownFileType = sourcecode.swift; path = PostTableViewCell.swift; sourceTree = "<group>"; };
/* End PBXFileReference section */

/* Begin PBXFrameworksBuildPhase section */
		4E255C752AB0F08A00D55D5E /* Frameworks */ = {
			isa = PBXFrameworksBuildPhase;
			buildActionMask = 2147483647;
			files = (
				996D87B42BA8CD150056A5B3 /* StorageService.framework in Frameworks */,
			);
			runOnlyForDeploymentPostprocessing = 0;
		};
		996D879C2BA8CD150056A5B3 /* Frameworks */ = {
			isa = PBXFrameworksBuildPhase;
			buildActionMask = 2147483647;
			files = (
			);
			runOnlyForDeploymentPostprocessing = 0;
		};
		996D87A52BA8CD150056A5B3 /* Frameworks */ = {
			isa = PBXFrameworksBuildPhase;
			buildActionMask = 2147483647;
			files = (
				996D87A92BA8CD150056A5B3 /* StorageService.framework in Frameworks */,
			);
			runOnlyForDeploymentPostprocessing = 0;
		};
/* End PBXFrameworksBuildPhase section */

/* Begin PBXGroup section */
		4E255C6F2AB0F08A00D55D5E = {
			isa = PBXGroup;
			children = (
				4E255C7A2AB0F08A00D55D5E /* Navigation */,
				996D87A02BA8CD150056A5B3 /* StorageService */,
				996D87AE2BA8CD150056A5B3 /* StorageServiceTests */,
				4E255C792AB0F08A00D55D5E /* Products */,
			);
			sourceTree = "<group>";
		};
		4E255C792AB0F08A00D55D5E /* Products */ = {
			isa = PBXGroup;
			children = (
				4E255C782AB0F08A00D55D5E /* Navigation.app */,
				996D879F2BA8CD150056A5B3 /* StorageService.framework */,
				996D87A82BA8CD150056A5B3 /* StorageServiceTests.xctest */,
			);
			name = Products;
			sourceTree = "<group>";
		};
		4E255C7A2AB0F08A00D55D5E /* Navigation */ = {
			isa = PBXGroup;
			children = (
				996D87422B795A6E0056A5B3 /* lLibrary */,
				996DEA8D2AF2F4960084EBB4 /* Profile */,
				4E255C992AB7751800D55D5E /* Controllers */,
				4E255C7B2AB0F08A00D55D5E /* AppDelegate.swift */,
				4E255C7D2AB0F08A00D55D5E /* SceneDelegate.swift */,
				4E255C842AB0F08B00D55D5E /* Assets.xcassets */,
				4E255C862AB0F08B00D55D5E /* LaunchScreen.storyboard */,
				4E255C892AB0F08B00D55D5E /* Info.plist */,
			);
			path = Navigation;
			sourceTree = "<group>";
		};
		4E255C992AB7751800D55D5E /* Controllers */ = {
			isa = PBXGroup;
			children = (
				4E255C952AB764D100D55D5E /* ProfileViewController.swift */,
				996DEA8E2AF2F4D70084EBB4 /* LogInViewController.swift */,
				4E255C932AB7640900D55D5E /* FeedViewController.swift */,
				4E255C972AB7730100D55D5E /* PostViewController.swift */,
				4E255C9A2AB7997800D55D5E /* InfoViewController.swift */,
				996D87452B840E150056A5B3 /* PhotosViewController.swift */,
			);
			path = Controllers;
			sourceTree = "<group>";
		};
		996D87422B795A6E0056A5B3 /* lLibrary */ = {
			isa = PBXGroup;
			children = (
				9998F1182B66FEA000505BAE /* PostTableViewCell.swift */,
				996D87402B795A600056A5B3 /* PhotosTableViewCell.swift */,
				996D87472B8D3AA50056A5B3 /* Photos.swift */,
				996D874B2B8D59A60056A5B3 /* PhotosCollectionViewCell.swift */,
			);
			path = lLibrary;
			sourceTree = "<group>";
		};
		996D87A02BA8CD150056A5B3 /* StorageService */ = {
			isa = PBXGroup;
			children = (
				9932215A2B3A173300172C81 /* Post.swift */,
				996D87A12BA8CD150056A5B3 /* StorageService.h */,
				996D87A22BA8CD150056A5B3 /* StorageService.docc */,
			);
			path = StorageService;
			sourceTree = "<group>";
		};
		996D87AE2BA8CD150056A5B3 /* StorageServiceTests */ = {
			isa = PBXGroup;
			children = (
				996D87AF2BA8CD150056A5B3 /* StorageServiceTests.swift */,
			);
			path = StorageServiceTests;
			sourceTree = "<group>";
		};
		996DEA8D2AF2F4960084EBB4 /* Profile */ = {
			isa = PBXGroup;
			children = (
				4ECA152C2AC4B65A00204F3A /* ProfileHeaderView.swift */,
			);
			path = Profile;
			sourceTree = "<group>";
		};
/* End PBXGroup section */

/* Begin PBXHeadersBuildPhase section */
		996D879A2BA8CD150056A5B3 /* Headers */ = {
			isa = PBXHeadersBuildPhase;
			buildActionMask = 2147483647;
			files = (
				996D87B12BA8CD150056A5B3 /* StorageService.h in Headers */,
			);
			runOnlyForDeploymentPostprocessing = 0;
		};
/* End PBXHeadersBuildPhase section */

/* Begin PBXNativeTarget section */
		4E255C772AB0F08A00D55D5E /* Navigation */ = {
			isa = PBXNativeTarget;
			buildConfigurationList = 4E255C8C2AB0F08B00D55D5E /* Build configuration list for PBXNativeTarget "Navigation" */;
			buildPhases = (
				4E255C742AB0F08A00D55D5E /* Sources */,
				4E255C752AB0F08A00D55D5E /* Frameworks */,
				4E255C762AB0F08A00D55D5E /* Resources */,
				996D87B92BA8CD150056A5B3 /* Embed Frameworks */,
			);
			buildRules = (
			);
			dependencies = (
				996D87B32BA8CD150056A5B3 /* PBXTargetDependency */,
			);
			name = Navigation;
			productName = Navigation;
			productReference = 4E255C782AB0F08A00D55D5E /* Navigation.app */;
			productType = "com.apple.product-type.application";
		};
		996D879E2BA8CD150056A5B3 /* StorageService */ = {
			isa = PBXNativeTarget;
			buildConfigurationList = 996D87B62BA8CD150056A5B3 /* Build configuration list for PBXNativeTarget "StorageService" */;
			buildPhases = (
				996D879A2BA8CD150056A5B3 /* Headers */,
				996D879B2BA8CD150056A5B3 /* Sources */,
				996D879C2BA8CD150056A5B3 /* Frameworks */,
				996D879D2BA8CD150056A5B3 /* Resources */,
			);
			buildRules = (
			);
			dependencies = (
			);
			name = StorageService;
			productName = StorageService;
			productReference = 996D879F2BA8CD150056A5B3 /* StorageService.framework */;
			productType = "com.apple.product-type.framework";
		};
		996D87A72BA8CD150056A5B3 /* StorageServiceTests */ = {
			isa = PBXNativeTarget;
			buildConfigurationList = 996D87BA2BA8CD150056A5B3 /* Build configuration list for PBXNativeTarget "StorageServiceTests" */;
			buildPhases = (
				996D87A42BA8CD150056A5B3 /* Sources */,
				996D87A52BA8CD150056A5B3 /* Frameworks */,
				996D87A62BA8CD150056A5B3 /* Resources */,
			);
			buildRules = (
			);
			dependencies = (
				996D87AB2BA8CD150056A5B3 /* PBXTargetDependency */,
				996D87AD2BA8CD150056A5B3 /* PBXTargetDependency */,
			);
			name = StorageServiceTests;
			productName = StorageServiceTests;
			productReference = 996D87A82BA8CD150056A5B3 /* StorageServiceTests.xctest */;
			productType = "com.apple.product-type.bundle.unit-test";
		};
/* End PBXNativeTarget section */

/* Begin PBXProject section */
		4E255C702AB0F08A00D55D5E /* Project object */ = {
			isa = PBXProject;
			attributes = {
				BuildIndependentTargetsInParallel = 1;
				LastSwiftUpdateCheck = 1520;
				LastUpgradeCheck = 1520;
				TargetAttributes = {
					4E255C772AB0F08A00D55D5E = {
						CreatedOnToolsVersion = 14.3.1;
					};
					996D879E2BA8CD150056A5B3 = {
						CreatedOnToolsVersion = 15.2;
					};
					996D87A72BA8CD150056A5B3 = {
						CreatedOnToolsVersion = 15.2;
						TestTargetID = 4E255C772AB0F08A00D55D5E;
					};
				};
			};
			buildConfigurationList = 4E255C732AB0F08A00D55D5E /* Build configuration list for PBXProject "Navigation" */;
			compatibilityVersion = "Xcode 14.0";
			developmentRegion = en;
			hasScannedForEncodings = 0;
			knownRegions = (
				en,
				Base,
			);
			mainGroup = 4E255C6F2AB0F08A00D55D5E;
			productRefGroup = 4E255C792AB0F08A00D55D5E /* Products */;
			projectDirPath = "";
			projectRoot = "";
			targets = (
				4E255C772AB0F08A00D55D5E /* Navigation */,
				996D879E2BA8CD150056A5B3 /* StorageService */,
				996D87A72BA8CD150056A5B3 /* StorageServiceTests */,
			);
		};
/* End PBXProject section */

/* Begin PBXResourcesBuildPhase section */
		4E255C762AB0F08A00D55D5E /* Resources */ = {
			isa = PBXResourcesBuildPhase;
			buildActionMask = 2147483647;
			files = (
				4E255C882AB0F08B00D55D5E /* LaunchScreen.storyboard in Resources */,
				4E255C852AB0F08B00D55D5E /* Assets.xcassets in Resources */,
			);
			runOnlyForDeploymentPostprocessing = 0;
		};
		996D879D2BA8CD150056A5B3 /* Resources */ = {
			isa = PBXResourcesBuildPhase;
			buildActionMask = 2147483647;
			files = (
			);
			runOnlyForDeploymentPostprocessing = 0;
		};
		996D87A62BA8CD150056A5B3 /* Resources */ = {
			isa = PBXResourcesBuildPhase;
			buildActionMask = 2147483647;
			files = (
			);
			runOnlyForDeploymentPostprocessing = 0;
		};
/* End PBXResourcesBuildPhase section */

/* Begin PBXSourcesBuildPhase section */
		4E255C742AB0F08A00D55D5E /* Sources */ = {
			isa = PBXSourcesBuildPhase;
			buildActionMask = 2147483647;
			files = (
				996D87412B795A600056A5B3 /* PhotosTableViewCell.swift in Sources */,
				996D87462B840E150056A5B3 /* PhotosViewController.swift in Sources */,
				4E255C982AB7730100D55D5E /* PostViewController.swift in Sources */,
				9998F1192B66FEA000505BAE /* PostTableViewCell.swift in Sources */,
				996D87482B8D3AA50056A5B3 /* Photos.swift in Sources */,
				996DEA8F2AF2F4D70084EBB4 /* LogInViewController.swift in Sources */,
				4E255C7C2AB0F08A00D55D5E /* AppDelegate.swift in Sources */,
				4E255C9B2AB7997800D55D5E /* InfoViewController.swift in Sources */,
				4E255C962AB764D100D55D5E /* ProfileViewController.swift in Sources */,
				996D874C2B8D59A60056A5B3 /* PhotosCollectionViewCell.swift in Sources */,
				4E255C942AB7640900D55D5E /* FeedViewController.swift in Sources */,
				4E255C7E2AB0F08A00D55D5E /* SceneDelegate.swift in Sources */,
				4ECA152D2AC4B65A00204F3A /* ProfileHeaderView.swift in Sources */,
			);
			runOnlyForDeploymentPostprocessing = 0;
		};
		996D879B2BA8CD150056A5B3 /* Sources */ = {
			isa = PBXSourcesBuildPhase;
			buildActionMask = 2147483647;
			files = (
				996D87A32BA8CD150056A5B3 /* StorageService.docc in Sources */,
				996D87BD2BA8CD6F0056A5B3 /* Post.swift in Sources */,
			);
			runOnlyForDeploymentPostprocessing = 0;
		};
		996D87A42BA8CD150056A5B3 /* Sources */ = {
			isa = PBXSourcesBuildPhase;
			buildActionMask = 2147483647;
			files = (
				996D87B02BA8CD150056A5B3 /* StorageServiceTests.swift in Sources */,
			);
			runOnlyForDeploymentPostprocessing = 0;
		};
/* End PBXSourcesBuildPhase section */

/* Begin PBXTargetDependency section */
		996D87AB2BA8CD150056A5B3 /* PBXTargetDependency */ = {
			isa = PBXTargetDependency;
			target = 996D879E2BA8CD150056A5B3 /* StorageService */;
			targetProxy = 996D87AA2BA8CD150056A5B3 /* PBXContainerItemProxy */;
		};
		996D87AD2BA8CD150056A5B3 /* PBXTargetDependency */ = {
			isa = PBXTargetDependency;
			target = 4E255C772AB0F08A00D55D5E /* Navigation */;
			targetProxy = 996D87AC2BA8CD150056A5B3 /* PBXContainerItemProxy */;
		};
		996D87B32BA8CD150056A5B3 /* PBXTargetDependency */ = {
			isa = PBXTargetDependency;
			target = 996D879E2BA8CD150056A5B3 /* StorageService */;
			targetProxy = 996D87B22BA8CD150056A5B3 /* PBXContainerItemProxy */;
		};
/* End PBXTargetDependency section */

/* Begin PBXVariantGroup section */
		4E255C862AB0F08B00D55D5E /* LaunchScreen.storyboard */ = {
			isa = PBXVariantGroup;
			children = (
				4E255C872AB0F08B00D55D5E /* Base */,
			);
			name = LaunchScreen.storyboard;
			sourceTree = "<group>";
		};
/* End PBXVariantGroup section */

/* Begin XCBuildConfiguration section */
		4E255C8A2AB0F08B00D55D5E /* Debug */ = {
			isa = XCBuildConfiguration;
			buildSettings = {
				ALWAYS_SEARCH_USER_PATHS = NO;
				ASSETCATALOG_COMPILER_GENERATE_SWIFT_ASSET_SYMBOL_EXTENSIONS = YES;
				CLANG_ANALYZER_NONNULL = YES;
				CLANG_ANALYZER_NUMBER_OBJECT_CONVERSION = YES_AGGRESSIVE;
				CLANG_CXX_LANGUAGE_STANDARD = "gnu++20";
				CLANG_ENABLE_MODULES = YES;
				CLANG_ENABLE_OBJC_ARC = YES;
				CLANG_ENABLE_OBJC_WEAK = YES;
				CLANG_WARN_BLOCK_CAPTURE_AUTORELEASING = YES;
				CLANG_WARN_BOOL_CONVERSION = YES;
				CLANG_WARN_COMMA = YES;
				CLANG_WARN_CONSTANT_CONVERSION = YES;
				CLANG_WARN_DEPRECATED_OBJC_IMPLEMENTATIONS = YES;
				CLANG_WARN_DIRECT_OBJC_ISA_USAGE = YES_ERROR;
				CLANG_WARN_DOCUMENTATION_COMMENTS = YES;
				CLANG_WARN_EMPTY_BODY = YES;
				CLANG_WARN_ENUM_CONVERSION = YES;
				CLANG_WARN_INFINITE_RECURSION = YES;
				CLANG_WARN_INT_CONVERSION = YES;
				CLANG_WARN_NON_LITERAL_NULL_CONVERSION = YES;
				CLANG_WARN_OBJC_IMPLICIT_RETAIN_SELF = YES;
				CLANG_WARN_OBJC_LITERAL_CONVERSION = YES;
				CLANG_WARN_OBJC_ROOT_CLASS = YES_ERROR;
				CLANG_WARN_QUOTED_INCLUDE_IN_FRAMEWORK_HEADER = YES;
				CLANG_WARN_RANGE_LOOP_ANALYSIS = YES;
				CLANG_WARN_STRICT_PROTOTYPES = YES;
				CLANG_WARN_SUSPICIOUS_MOVE = YES;
				CLANG_WARN_UNGUARDED_AVAILABILITY = YES_AGGRESSIVE;
				CLANG_WARN_UNREACHABLE_CODE = YES;
				CLANG_WARN__DUPLICATE_METHOD_MATCH = YES;
				COPY_PHASE_STRIP = NO;
				DEBUG_INFORMATION_FORMAT = dwarf;
				ENABLE_STRICT_OBJC_MSGSEND = YES;
				ENABLE_TESTABILITY = YES;
				ENABLE_USER_SCRIPT_SANDBOXING = YES;
				GCC_C_LANGUAGE_STANDARD = gnu11;
				GCC_DYNAMIC_NO_PIC = NO;
				GCC_NO_COMMON_BLOCKS = YES;
				GCC_OPTIMIZATION_LEVEL = 0;
				GCC_PREPROCESSOR_DEFINITIONS = (
					"DEBUG=1",
					"$(inherited)",
				);
				GCC_WARN_64_TO_32_BIT_CONVERSION = YES;
				GCC_WARN_ABOUT_RETURN_TYPE = YES_ERROR;
				GCC_WARN_UNDECLARED_SELECTOR = YES;
				GCC_WARN_UNINITIALIZED_AUTOS = YES_AGGRESSIVE;
				GCC_WARN_UNUSED_FUNCTION = YES;
				GCC_WARN_UNUSED_VARIABLE = YES;
				IPHONEOS_DEPLOYMENT_TARGET = 17.0;
				MTL_ENABLE_DEBUG_INFO = INCLUDE_SOURCE;
				MTL_FAST_MATH = YES;
				ONLY_ACTIVE_ARCH = YES;
				SDKROOT = iphoneos;
				SWIFT_ACTIVE_COMPILATION_CONDITIONS = DEBUG;
				SWIFT_OPTIMIZATION_LEVEL = "-Onone";
			};
			name = Debug;
		};
		4E255C8B2AB0F08B00D55D5E /* Release */ = {
			isa = XCBuildConfiguration;
			buildSettings = {
				ALWAYS_SEARCH_USER_PATHS = NO;
				ASSETCATALOG_COMPILER_GENERATE_SWIFT_ASSET_SYMBOL_EXTENSIONS = YES;
				CLANG_ANALYZER_NONNULL = YES;
				CLANG_ANALYZER_NUMBER_OBJECT_CONVERSION = YES_AGGRESSIVE;
				CLANG_CXX_LANGUAGE_STANDARD = "gnu++20";
				CLANG_ENABLE_MODULES = YES;
				CLANG_ENABLE_OBJC_ARC = YES;
				CLANG_ENABLE_OBJC_WEAK = YES;
				CLANG_WARN_BLOCK_CAPTURE_AUTORELEASING = YES;
				CLANG_WARN_BOOL_CONVERSION = YES;
				CLANG_WARN_COMMA = YES;
				CLANG_WARN_CONSTANT_CONVERSION = YES;
				CLANG_WARN_DEPRECATED_OBJC_IMPLEMENTATIONS = YES;
				CLANG_WARN_DIRECT_OBJC_ISA_USAGE = YES_ERROR;
				CLANG_WARN_DOCUMENTATION_COMMENTS = YES;
				CLANG_WARN_EMPTY_BODY = YES;
				CLANG_WARN_ENUM_CONVERSION = YES;
				CLANG_WARN_INFINITE_RECURSION = YES;
				CLANG_WARN_INT_CONVERSION = YES;
				CLANG_WARN_NON_LITERAL_NULL_CONVERSION = YES;
				CLANG_WARN_OBJC_IMPLICIT_RETAIN_SELF = YES;
				CLANG_WARN_OBJC_LITERAL_CONVERSION = YES;
				CLANG_WARN_OBJC_ROOT_CLASS = YES_ERROR;
				CLANG_WARN_QUOTED_INCLUDE_IN_FRAMEWORK_HEADER = YES;
				CLANG_WARN_RANGE_LOOP_ANALYSIS = YES;
				CLANG_WARN_STRICT_PROTOTYPES = YES;
				CLANG_WARN_SUSPICIOUS_MOVE = YES;
				CLANG_WARN_UNGUARDED_AVAILABILITY = YES_AGGRESSIVE;
				CLANG_WARN_UNREACHABLE_CODE = YES;
				CLANG_WARN__DUPLICATE_METHOD_MATCH = YES;
				COPY_PHASE_STRIP = NO;
				DEBUG_INFORMATION_FORMAT = "dwarf-with-dsym";
				ENABLE_NS_ASSERTIONS = NO;
				ENABLE_STRICT_OBJC_MSGSEND = YES;
				ENABLE_USER_SCRIPT_SANDBOXING = YES;
				GCC_C_LANGUAGE_STANDARD = gnu11;
				GCC_NO_COMMON_BLOCKS = YES;
				GCC_WARN_64_TO_32_BIT_CONVERSION = YES;
				GCC_WARN_ABOUT_RETURN_TYPE = YES_ERROR;
				GCC_WARN_UNDECLARED_SELECTOR = YES;
				GCC_WARN_UNINITIALIZED_AUTOS = YES_AGGRESSIVE;
				GCC_WARN_UNUSED_FUNCTION = YES;
				GCC_WARN_UNUSED_VARIABLE = YES;
				IPHONEOS_DEPLOYMENT_TARGET = 17.0;
				MTL_ENABLE_DEBUG_INFO = NO;
				MTL_FAST_MATH = YES;
				SDKROOT = iphoneos;
				SWIFT_COMPILATION_MODE = wholemodule;
				SWIFT_OPTIMIZATION_LEVEL = "-O";
				VALIDATE_PRODUCT = YES;
			};
			name = Release;
		};
		4E255C8D2AB0F08B00D55D5E /* Debug */ = {
			isa = XCBuildConfiguration;
			buildSettings = {
				ALWAYS_EMBED_SWIFT_STANDARD_LIBRARIES = YES;
				ASSETCATALOG_COMPILER_APPICON_NAME = AppIcon;
				ASSETCATALOG_COMPILER_GLOBAL_ACCENT_COLOR_NAME = AccentColor;
				CODE_SIGN_STYLE = Automatic;
				CURRENT_PROJECT_VERSION = 1;
				DEVELOPMENT_TEAM = "";
				GENERATE_INFOPLIST_FILE = YES;
				INFOPLIST_FILE = Navigation/Info.plist;
				INFOPLIST_KEY_UIApplicationSupportsIndirectInputEvents = YES;
				INFOPLIST_KEY_UILaunchStoryboardName = LaunchScreen;
				INFOPLIST_KEY_UISupportedInterfaceOrientations_iPad = "UIInterfaceOrientationLandscapeLeft UIInterfaceOrientationLandscapeRight UIInterfaceOrientationPortrait UIInterfaceOrientationPortraitUpsideDown";
				IPHONEOS_DEPLOYMENT_TARGET = 14.1;
				LD_RUNPATH_SEARCH_PATHS = (
					"$(inherited)",
					"@executable_path/Frameworks",
				);
				MARKETING_VERSION = 1.0;
				PRODUCT_BUNDLE_IDENTIFIER = com.exercise.first.Navigation;
				PRODUCT_NAME = "$(TARGET_NAME)";
				SUPPORTED_PLATFORMS = "iphoneos iphonesimulator";
				SUPPORTS_MACCATALYST = NO;
				SUPPORTS_MAC_DESIGNED_FOR_IPHONE_IPAD = NO;
				SUPPORTS_XR_DESIGNED_FOR_IPHONE_IPAD = NO;
				SWIFT_EMIT_LOC_STRINGS = YES;
				SWIFT_VERSION = 5.0;
				TARGETED_DEVICE_FAMILY = 1;
			};
			name = Debug;
		};
		4E255C8E2AB0F08B00D55D5E /* Release */ = {
			isa = XCBuildConfiguration;
			buildSettings = {
				ALWAYS_EMBED_SWIFT_STANDARD_LIBRARIES = YES;
				ASSETCATALOG_COMPILER_APPICON_NAME = AppIcon;
				ASSETCATALOG_COMPILER_GLOBAL_ACCENT_COLOR_NAME = AccentColor;
				CODE_SIGN_STYLE = Automatic;
				CURRENT_PROJECT_VERSION = 1;
				DEVELOPMENT_TEAM = "";
				GENERATE_INFOPLIST_FILE = YES;
				INFOPLIST_FILE = Navigation/Info.plist;
				INFOPLIST_KEY_UIApplicationSupportsIndirectInputEvents = YES;
				INFOPLIST_KEY_UILaunchStoryboardName = LaunchScreen;
				INFOPLIST_KEY_UISupportedInterfaceOrientations_iPad = "UIInterfaceOrientationLandscapeLeft UIInterfaceOrientationLandscapeRight UIInterfaceOrientationPortrait UIInterfaceOrientationPortraitUpsideDown";
				IPHONEOS_DEPLOYMENT_TARGET = 14.1;
				LD_RUNPATH_SEARCH_PATHS = (
					"$(inherited)",
					"@executable_path/Frameworks",
				);
				MARKETING_VERSION = 1.0;
				PRODUCT_BUNDLE_IDENTIFIER = com.exercise.first.Navigation;
				PRODUCT_NAME = "$(TARGET_NAME)";
				SUPPORTED_PLATFORMS = "iphoneos iphonesimulator";
				SUPPORTS_MACCATALYST = NO;
				SUPPORTS_MAC_DESIGNED_FOR_IPHONE_IPAD = NO;
				SUPPORTS_XR_DESIGNED_FOR_IPHONE_IPAD = NO;
				SWIFT_EMIT_LOC_STRINGS = YES;
				SWIFT_VERSION = 5.0;
				TARGETED_DEVICE_FAMILY = 1;
			};
			name = Release;
		};
		996D87B72BA8CD150056A5B3 /* Debug */ = {
			isa = XCBuildConfiguration;
			buildSettings = {
				CODE_SIGN_STYLE = Automatic;
				CURRENT_PROJECT_VERSION = 1;
				DEFINES_MODULE = YES;
				DYLIB_COMPATIBILITY_VERSION = 1;
				DYLIB_CURRENT_VERSION = 1;
				DYLIB_INSTALL_NAME_BASE = "@rpath";
				ENABLE_MODULE_VERIFIER = YES;
				GCC_C_LANGUAGE_STANDARD = gnu17;
				GENERATE_INFOPLIST_FILE = YES;
				INFOPLIST_KEY_NSHumanReadableCopyright = "";
				INSTALL_PATH = "$(LOCAL_LIBRARY_DIR)/Frameworks";
				IPHONEOS_DEPLOYMENT_TARGET = 14.1;
				LD_RUNPATH_SEARCH_PATHS = (
					"$(inherited)",
					"@executable_path/Frameworks",
					"@loader_path/Frameworks",
				);
				LOCALIZATION_PREFERS_STRING_CATALOGS = YES;
				MARKETING_VERSION = 1.0;
				MODULE_VERIFIER_SUPPORTED_LANGUAGES = "objective-c objective-c++";
				MODULE_VERIFIER_SUPPORTED_LANGUAGE_STANDARDS = "gnu17 gnu++20";
				PRODUCT_BUNDLE_IDENTIFIER = com.firstproject.Navigation.StorageService;
				PRODUCT_NAME = "$(TARGET_NAME:c99extidentifier)";
				SKIP_INSTALL = YES;
				SUPPORTED_PLATFORMS = "iphoneos iphonesimulator";
				SUPPORTS_MACCATALYST = NO;
				SUPPORTS_MAC_DESIGNED_FOR_IPHONE_IPAD = NO;
				SUPPORTS_XR_DESIGNED_FOR_IPHONE_IPAD = NO;
				SWIFT_ACTIVE_COMPILATION_CONDITIONS = "DEBUG $(inherited)";
				SWIFT_EMIT_LOC_STRINGS = YES;
				SWIFT_VERSION = 5.0;
				TARGETED_DEVICE_FAMILY = 1;
				VERSIONING_SYSTEM = "apple-generic";
				VERSION_INFO_PREFIX = "";
			};
			name = Debug;
		};
		996D87B82BA8CD150056A5B3 /* Release */ = {
			isa = XCBuildConfiguration;
			buildSettings = {
				CODE_SIGN_STYLE = Automatic;
				CURRENT_PROJECT_VERSION = 1;
				DEFINES_MODULE = YES;
				DYLIB_COMPATIBILITY_VERSION = 1;
				DYLIB_CURRENT_VERSION = 1;
				DYLIB_INSTALL_NAME_BASE = "@rpath";
				ENABLE_MODULE_VERIFIER = YES;
				GCC_C_LANGUAGE_STANDARD = gnu17;
				GENERATE_INFOPLIST_FILE = YES;
				INFOPLIST_KEY_NSHumanReadableCopyright = "";
				INSTALL_PATH = "$(LOCAL_LIBRARY_DIR)/Frameworks";
				IPHONEOS_DEPLOYMENT_TARGET = 14.1;
				LD_RUNPATH_SEARCH_PATHS = (
					"$(inherited)",
					"@executable_path/Frameworks",
					"@loader_path/Frameworks",
				);
				LOCALIZATION_PREFERS_STRING_CATALOGS = YES;
				MARKETING_VERSION = 1.0;
				MODULE_VERIFIER_SUPPORTED_LANGUAGES = "objective-c objective-c++";
				MODULE_VERIFIER_SUPPORTED_LANGUAGE_STANDARDS = "gnu17 gnu++20";
				PRODUCT_BUNDLE_IDENTIFIER = com.firstproject.Navigation.StorageService;
				PRODUCT_NAME = "$(TARGET_NAME:c99extidentifier)";
				SKIP_INSTALL = YES;
				SUPPORTED_PLATFORMS = "iphoneos iphonesimulator";
				SUPPORTS_MACCATALYST = NO;
				SUPPORTS_MAC_DESIGNED_FOR_IPHONE_IPAD = NO;
				SUPPORTS_XR_DESIGNED_FOR_IPHONE_IPAD = NO;
				SWIFT_EMIT_LOC_STRINGS = YES;
				SWIFT_VERSION = 5.0;
				TARGETED_DEVICE_FAMILY = 1;
				VERSIONING_SYSTEM = "apple-generic";
				VERSION_INFO_PREFIX = "";
			};
			name = Release;
		};
		996D87BB2BA8CD150056A5B3 /* Debug */ = {
			isa = XCBuildConfiguration;
			buildSettings = {
				ALWAYS_EMBED_SWIFT_STANDARD_LIBRARIES = YES;
				CODE_SIGN_STYLE = Automatic;
				CURRENT_PROJECT_VERSION = 1;
				GCC_C_LANGUAGE_STANDARD = gnu17;
				GENERATE_INFOPLIST_FILE = YES;
				IPHONEOS_DEPLOYMENT_TARGET = 14.1;
				LOCALIZATION_PREFERS_STRING_CATALOGS = YES;
				MARKETING_VERSION = 1.0;
				PRODUCT_BUNDLE_IDENTIFIER = com.firstproject.Navigation.StorageServiceTests;
				PRODUCT_NAME = "$(TARGET_NAME)";
				SUPPORTED_PLATFORMS = "iphoneos iphonesimulator";
				SUPPORTS_MACCATALYST = NO;
				SUPPORTS_MAC_DESIGNED_FOR_IPHONE_IPAD = NO;
				SUPPORTS_XR_DESIGNED_FOR_IPHONE_IPAD = NO;
				SWIFT_ACTIVE_COMPILATION_CONDITIONS = "DEBUG $(inherited)";
				SWIFT_EMIT_LOC_STRINGS = NO;
				SWIFT_VERSION = 5.0;
				TARGETED_DEVICE_FAMILY = 1;
				TEST_HOST = "$(BUILT_PRODUCTS_DIR)/Navigation.app/$(BUNDLE_EXECUTABLE_FOLDER_PATH)/Navigation";
			};
			name = Debug;
		};
		996D87BC2BA8CD150056A5B3 /* Release */ = {
			isa = XCBuildConfiguration;
			buildSettings = {
				ALWAYS_EMBED_SWIFT_STANDARD_LIBRARIES = YES;
				CODE_SIGN_STYLE = Automatic;
				CURRENT_PROJECT_VERSION = 1;
				GCC_C_LANGUAGE_STANDARD = gnu17;
				GENERATE_INFOPLIST_FILE = YES;
				IPHONEOS_DEPLOYMENT_TARGET = 14.1;
				LOCALIZATION_PREFERS_STRING_CATALOGS = YES;
				MARKETING_VERSION = 1.0;
				PRODUCT_BUNDLE_IDENTIFIER = com.firstproject.Navigation.StorageServiceTests;
				PRODUCT_NAME = "$(TARGET_NAME)";
				SUPPORTED_PLATFORMS = "iphoneos iphonesimulator";
				SUPPORTS_MACCATALYST = NO;
				SUPPORTS_MAC_DESIGNED_FOR_IPHONE_IPAD = NO;
				SUPPORTS_XR_DESIGNED_FOR_IPHONE_IPAD = NO;
				SWIFT_EMIT_LOC_STRINGS = NO;
				SWIFT_VERSION = 5.0;
				TARGETED_DEVICE_FAMILY = 1;
				TEST_HOST = "$(BUILT_PRODUCTS_DIR)/Navigation.app/$(BUNDLE_EXECUTABLE_FOLDER_PATH)/Navigation";
			};
			name = Release;
		};
/* End XCBuildConfiguration section */

/* Begin XCConfigurationList section */
		4E255C732AB0F08A00D55D5E /* Build configuration list for PBXProject "Navigation" */ = {
			isa = XCConfigurationList;
			buildConfigurations = (
				4E255C8A2AB0F08B00D55D5E /* Debug */,
				4E255C8B2AB0F08B00D55D5E /* Release */,
			);
			defaultConfigurationIsVisible = 0;
			defaultConfigurationName = Release;
		};
		4E255C8C2AB0F08B00D55D5E /* Build configuration list for PBXNativeTarget "Navigation" */ = {
			isa = XCConfigurationList;
			buildConfigurations = (
				4E255C8D2AB0F08B00D55D5E /* Debug */,
				4E255C8E2AB0F08B00D55D5E /* Release */,
			);
			defaultConfigurationIsVisible = 0;
			defaultConfigurationName = Release;
		};
		996D87B62BA8CD150056A5B3 /* Build configuration list for PBXNativeTarget "StorageService" */ = {
			isa = XCConfigurationList;
			buildConfigurations = (
				996D87B72BA8CD150056A5B3 /* Debug */,
				996D87B82BA8CD150056A5B3 /* Release */,
			);
			defaultConfigurationIsVisible = 0;
			defaultConfigurationName = Release;
		};
		996D87BA2BA8CD150056A5B3 /* Build configuration list for PBXNativeTarget "StorageServiceTests" */ = {
			isa = XCConfigurationList;
			buildConfigurations = (
				996D87BB2BA8CD150056A5B3 /* Debug */,
				996D87BC2BA8CD150056A5B3 /* Release */,
			);
			defaultConfigurationIsVisible = 0;
			defaultConfigurationName = Release;
		};
/* End XCConfigurationList section */
	};
	rootObject = 4E255C702AB0F08A00D55D5E /* Project object */;
}
